
Microsoft Visual Studio Solution File, Format Version 12.00
# Visual Studio Version 17
VisualStudioVersion = 17.4.33213.308
MinimumVisualStudioVersion = 10.0.40219.1
Project("{FAE04EC0-301F-11D3-BF4B-00C04F79EFBC}") = "pokemonApiApp", "pokemonApiApp\pokemonApiApp.csproj", "{1A524D00-84C5-461E-B7A0-91CA7AA52DF5}"
EndProject
Global
	GlobalSection(SolutionConfigurationPlatforms) = preSolution
		Debug|Any CPU = Debug|Any CPU
		Release|Any CPU = Release|Any CPU
	EndGlobalSection
	GlobalSection(ProjectConfigurationPlatforms) = postSolution
		{1A524D00-84C5-461E-B7A0-91CA7AA52DF5}.Debug|Any CPU.ActiveCfg = Debug|Any CPU
		{1A524D00-84C5-461E-B7A0-91CA7AA52DF5}.Debug|Any CPU.Build.0 = Debug|Any CPU
		{1A524D00-84C5-461E-B7A0-91CA7AA52DF5}.Release|Any CPU.ActiveCfg = Release|Any CPU
		{1A524D00-84C5-461E-B7A0-91CA7AA52DF5}.Release|Any CPU.Build.0 = Release|Any CPU
	EndGlobalSection
	GlobalSection(SolutionProperties) = preSolution
		HideSolutionNode = FALSE
	EndGlobalSection
	GlobalSection(ExtensibilityGlobals) = postSolution
		SolutionGuid = {18F93D6F-04FC-4532-9ED9-913347FED047}
	EndGlobalSection
EndGlobal
